github.com/0xrawsec/golang-etw v1.6.2 h1:ZXOEL2+hfWBz7QK3iSPVhKeB1VYjz47xGl/WfdqdpzA=
github.com/0xrawsec/golang-etw v1.6.2/go.mod h1:nTLqX2X4dxf/XpYiFmVfWSrjER/CO3A1WOsvc8cac6I=
github.com/0xrawsec/golang-utils v1.3.1 h1:jjiBzsxzcQPkmEV5KONJY4OnCoqTTW1eQMJcpSdk3hw=
github.com/0xrawsec/golang-utils v1.3.1/go.mod h1:DADTtCFY10qXjWmUVhhJqQIZdSweaHH4soYUDEi8mj0=
github.com/0xrawsec/toast v1.2.3 h1:nTs5NyAdmSoDfxlYjMVMYb9wj3C/MFpnoIoQBPUsHXg=
github.com/davecgh/go-spew v1.1.0/go.mod h1:J7Y8YcW2NihsgmVo/mv3lAwl/skON4iLHjSsI+c5H38=
github.com/davecgh/go-spew v1.1.1 h1:vj9j/u1bqnvCEfJOwUhtlOARqs3+rkHYY13jYWTU97c=
github.com/davecgh/go-spew v1.1.1/go.mod h1:J7Y8YcW2NihsgmVo/mv3lAwl/skON4iLHjSsI+c5H38=
github.com/kr/fs v0.1.0/go.mod h1:FFnZGqtBN9Gxj7eW1uZ42v5BccTP0vu6NEaFoC2HwRg=
github.com/lkarlslund/binstruct v1.3.1-0.20230504093039-8f69d6d48410 h1:dzy0pPyT+f4iF7M1PmxBbqJa1RXP6OXn63ev/YteHPE=
github.com/lkarlslund/binstruct v1.3.1-0.20230504093039-8f69d6d48410/go.mod h1:md9fQkOXb+vqf3U+SVAsNfzLvKFK1Q+MJLj2v2sBj+4=
github.com/pkg/errors v0.8.1/go.mod h1:bwawxfHBFNV+L2hUp1rHADufV3IMtnDRdf1r5NINEl0=
github.com/pkg/sftp v1.10.0/go.mod h1:NxmoDg/QLVWluQDUYG7XBZTLUpKeFa8e3aMf1BfjyHk=
github.com/pmezard/go-difflib v1.0.0 h1:4DBwDE0NGyQoBHbLQYPwSUPoCMWR5BEzIk/f1lZbAQM=
github.com/pmezard/go-difflib v1.0.0/go.mod h1:iKH77koFhYxTK1pcRnkKkqfTogsbg7gZNVY4sRDYZ/4=
github.com/stretchr/objx v0.1.0/go.mod h1:HFkY916IF+rwdDfMAkV7OtwuqBVzrE8GR6GFx+wExME=
github.com/stretchr/testify v1.3.0 h1:TivCn/peBQ7UY8ooIcPgZFpTNSz0Q2U6UrFlUfqbe0Q=
github.com/stretchr/testify v1.3.0/go.mod h1:M5WIy9Dh21IEIfnGCwXGc5bZfKNJtfHm1UVUgZn+9EI=
golang.org/x/crypto v0.0.0-20190308221718-c2843e01d9a2/go.mod h1:djNgcEr1/C05ACkg1iLfiJU5Ep61QUkGW8qpdssI0+w=
golang.org/x/net v0.0.0-20190311183353-d8887717615a/go.mod h1:t9HGtf8HONx5eT2rtn7q6eTqICYqUVnKs3thJo3Qplg=
golang.org/x/sys v0.0.0-20190215142949-d0b11bdaac8a/go.mod h1:STP8DvDyc/dI5b8T5hshtkjS+E42TnysNCUPdjciGhY=
golang.org/x/text v0.3.0/go.mod h1:NqM8EUOU14njkJ3fqMW+pc6Ldnwhi/IjpwHt7yyuwOQ=
golang.org/x/tools v0.0.0-20190320215829-36c10c0a621f/go.mod h1:LCzVGOaR6xXOjkQ3onu1FJEFr0SW1gC7cKk1uF8kGRs=
